
Microsoft Visual Studio Solution File, Format Version 12.00
# Visual Studio 15
VisualStudioVersion = 15.0.27428.2043
MinimumVisualStudioVersion = 10.0.40219.1
Project("{E24C65DC-7377-472B-9ABA-BC803B73C61A}") = "TMA3A", "TMA3A\", "{3CD638DB-CD3F-4150-A17F-52BCD67D310E}"
	ProjectSection(WebsiteProperties) = preProject
		TargetFrameworkMoniker = ".NETFramework,Version%3Dv4.6.1"
		Debug.AspNetCompiler.VirtualPath = "/localhost_64251"
		Debug.AspNetCompiler.PhysicalPath = "TMA3A\"
		Debug.AspNetCompiler.TargetPath = "PrecompiledWeb\localhost_64251\"
		Debug.AspNetCompiler.Updateable = "true"
		Debug.AspNetCompiler.ForceOverwrite = "true"
		Debug.AspNetCompiler.FixedNames = "false"
		Debug.AspNetCompiler.Debug = "True"
		Release.AspNetCompiler.VirtualPath = "/localhost_64251"
		Release.AspNetCompiler.PhysicalPath = "TMA3A\"
		Release.AspNetCompiler.TargetPath = "PrecompiledWeb\localhost_64251\"
		Release.AspNetCompiler.Updateable = "true"
		Release.AspNetCompiler.ForceOverwrite = "true"
		Release.AspNetCompiler.FixedNames = "false"
		Release.AspNetCompiler.Debug = "False"
		VWDPort = "64251"
		SlnRelativePath = "TMA3A\"
		DefaultWebSiteLanguage = "Visual C#"
	EndProjectSection
EndProject
Global
	GlobalSection(SolutionConfigurationPlatforms) = preSolution
		Debug|Any CPU = Debug|Any CPU
	EndGlobalSection
	GlobalSection(ProjectConfigurationPlatforms) = postSolution
		{3CD638DB-CD3F-4150-A17F-52BCD67D310E}.Debug|Any CPU.ActiveCfg = Debug|Any CPU
		{3CD638DB-CD3F-4150-A17F-52BCD67D310E}.Debug|Any CPU.Build.0 = Debug|Any CPU
	EndGlobalSection
	GlobalSection(SolutionProperties) = preSolution
		HideSolutionNode = FALSE
	EndGlobalSection
	GlobalSection(ExtensibilityGlobals) = postSolution
		SolutionGuid = {674EBFBE-30F0-4293-BD01-A4A755DF6C5C}
	EndGlobalSection
EndGlobal
